// !$*UTF8*$!
{
	archiveVersion = 1;
	classes = {
	};
	objectVersion = 46;
	objects = {

/* Begin PBXBuildFile section */
		93DEBC72169F923000A48B64 /* UIKit.framework in Frameworks */ = {isa = PBXBuildFile; fileRef = 93DEBC71169F923000A48B64 /* UIKit.framework */; };
		93DEBC74169F923000A48B64 /* Foundation.framework in Frameworks */ = {isa = PBXBuildFile; fileRef = 93DEBC73169F923000A48B64 /* Foundation.framework */; };
		93DEBC76169F923000A48B64 /* CoreGraphics.framework in Frameworks */ = {isa = PBXBuildFile; fileRef = 93DEBC75169F923000A48B64 /* CoreGraphics.framework */; };
		93DEBC7C169F923000A48B64 /* InfoPlist.strings in Resources */ = {isa = PBXBuildFile; fileRef = 93DEBC7A169F923000A48B64 /* InfoPlist.strings */; };
		93DEBC7E169F923000A48B64 /* main.m in Sources */ = {isa = PBXBuildFile; fileRef = 93DEBC7D169F923000A48B64 /* main.m */; };
		93DEBC82169F923000A48B64 /* AppDelegate.m in Sources */ = {isa = PBXBuildFile; fileRef = 93DEBC81169F923000A48B64 /* AppDelegate.m */; };
		93DEBC84169F923000A48B64 /* Default.png in Resources */ = {isa = PBXBuildFile; fileRef = 93DEBC83169F923000A48B64 /* Default.png */; };
		93DEBC86169F923000A48B64 /* Default@2x.png in Resources */ = {isa = PBXBuildFile; fileRef = 93DEBC85169F923000A48B64 /* Default@2x.png */; };
		93DEBC88169F923000A48B64 /* Default-568h@2x.png in Resources */ = {isa = PBXBuildFile; fileRef = 93DEBC87169F923000A48B64 /* Default-568h@2x.png */; };
		93DEBC8B169F923000A48B64 /* ViewController.m in Sources */ = {isa = PBXBuildFile; fileRef = 93DEBC8A169F923000A48B64 /* ViewController.m */; };
		93DEBC8E169F923000A48B64 /* ViewController.xib in Resources */ = {isa = PBXBuildFile; fileRef = 93DEBC8C169F923000A48B64 /* ViewController.xib */; };
/* End PBXBuildFile section */

/* Begin PBXFileReference section */
		93DEBC6D169F923000A48B64 /* MMACBlocks.app */ = {isa = PBXFileReference; explicitFileType = wrapper.application; includeInIndex = 0; path = MMACBlocks.app; sourceTree = BUILT_PRODUCTS_DIR; };
		93DEBC71169F923000A48B64 /* UIKit.framework */ = {isa = PBXFileReference; lastKnownFileType = wrapper.framework; name = UIKit.framework; path = System/Library/Frameworks/UIKit.framework; sourceTree = SDKROOT; };
		93DEBC73169F923000A48B64 /* Foundation.framework */ = {isa = PBXFileReference; lastKnownFileType = wrapper.framework; name = Foundation.framework; path = System/Library/Frameworks/Foundation.framework; sourceTree = SDKROOT; };
		93DEBC75169F923000A48B64 /* CoreGraphics.framework */ = {isa = PBXFileReference; lastKnownFileType = wrapper.framework; name = CoreGraphics.framework; path = System/Library/Frameworks/CoreGraphics.framework; sourceTree = SDKROOT; };
		93DEBC79169F923000A48B64 /* MMACBlocks-Info.plist */ = {isa = PBXFileReference; lastKnownFileType = text.plist.xml; path = "MMACBlocks-Info.plist"; sourceTree = "<group>"; };
		93DEBC7B169F923000A48B64 /* en */ = {isa = PBXFileReference; lastKnownFileType = text.plist.strings; name = en; path = en.lproj/InfoPlist.strings; sourceTree = "<group>"; };
		93DEBC7D169F923000A48B64 /* main.m */ = {isa = PBXFileReference; lastKnownFileType = sourcecode.c.objc; path = main.m; sourceTree = "<group>"; };
		93DEBC7F169F923000A48B64 /* MMACBlocks-Prefix.pch */ = {isa = PBXFileReference; lastKnownFileType = sourcecode.c.h; path = "MMACBlocks-Prefix.pch"; sourceTree = "<group>"; };
		93DEBC80169F923000A48B64 /* AppDelegate.h */ = {isa = PBXFileReference; lastKnownFileType = sourcecode.c.h; path = AppDelegate.h; sourceTree = "<group>"; };
		93DEBC81169F923000A48B64 /* AppDelegate.m */ = {isa = PBXFileReference; lastKnownFileType = sourcecode.c.objc; path = AppDelegate.m; sourceTree = "<group>"; };
		93DEBC83169F923000A48B64 /* Default.png */ = {isa = PBXFileReference; lastKnownFileType = image.png; path = Default.png; sourceTree = "<group>"; };
		93DEBC85169F923000A48B64 /* Default@2x.png */ = {isa = PBXFileReference; lastKnownFileType = image.png; path = "Default@2x.png"; sourceTree = "<group>"; };
		93DEBC87169F923000A48B64 /* Default-568h@2x.png */ = {isa = PBXFileReference; lastKnownFileType = image.png; path = "Default-568h@2x.png"; sourceTree = "<group>"; };
		93DEBC89169F923000A48B64 /* ViewController.h */ = {isa = PBXFileReference; lastKnownFileType = sourcecode.c.h; path = ViewController.h; sourceTree = "<group>"; };
		93DEBC8A169F923000A48B64 /* ViewController.m */ = {isa = PBXFileReference; lastKnownFileType = sourcecode.c.objc; path = ViewController.m; sourceTree = "<group>"; };
		93DEBC8D169F923000A48B64 /* en */ = {isa = PBXFileReference; lastKnownFileType = file.xib; name = en; path = en.lproj/ViewController.xib; sourceTree = "<group>"; };
/* End PBXFileReference section */

/* Begin PBXFrameworksBuildPhase section */
		93DEBC6A169F923000A48B64 /* Frameworks */ = {
			isa = PBXFrameworksBuildPhase;
			buildActionMask = 2147483647;
			files = (
				93DEBC72169F923000A48B64 /* UIKit.framework in Frameworks */,
				93DEBC74169F923000A48B64 /* Foundation.framework in Frameworks */,
				93DEBC76169F923000A48B64 /* CoreGraphics.framework in Frameworks */,
			);
			runOnlyForDeploymentPostprocessing = 0;
		};
/* End PBXFrameworksBuildPhase section */

/* Begin PBXGroup section */
		93DEBC62169F923000A48B64 = {
			isa = PBXGroup;
			children = (
				93DEBC77169F923000A48B64 /* MMACBlocks */,
				93DEBC70169F923000A48B64 /* Frameworks */,
				93DEBC6E169F923000A48B64 /* Products */,
			);
			sourceTree = "<group>";
		};
		93DEBC6E169F923000A48B64 /* Products */ = {
			isa = PBXGroup;
			children = (
				93DEBC6D169F923000A48B64 /* MMACBlocks.app */,
			);
			name = Products;
			sourceTree = "<group>";
		};
		93DEBC70169F923000A48B64 /* Frameworks */ = {
			isa = PBXGroup;
			children = (
				93DEBC71169F923000A48B64 /* UIKit.framework */,
				93DEBC73169F923000A48B64 /* Foundation.framework */,
				93DEBC75169F923000A48B64 /* CoreGraphics.framework */,
			);
			name = Frameworks;
			sourceTree = "<group>";
		};
		93DEBC77169F923000A48B64 /* MMACBlocks */ = {
			isa = PBXGroup;
			children = (
				93DEBC80169F923000A48B64 /* AppDelegate.h */,
				93DEBC81169F923000A48B64 /* AppDelegate.m */,
				93DEBC89169F923000A48B64 /* ViewController.h */,
				93DEBC8A169F923000A48B64 /* ViewController.m */,
				93DEBC8C169F923000A48B64 /* ViewController.xib */,
				93DEBC78169F923000A48B64 /* Supporting Files */,
			);
			path = MMACBlocks;
			sourceTree = "<group>";
		};
		93DEBC78169F923000A48B64 /* Supporting Files */ = {
			isa = PBXGroup;
			children = (
				93DEBC79169F923000A48B64 /* MMACBlocks-Info.plist */,
				93DEBC7A169F923000A48B64 /* InfoPlist.strings */,
				93DEBC7D169F923000A48B64 /* main.m */,
				93DEBC7F169F923000A48B64 /* MMACBlocks-Prefix.pch */,
				93DEBC83169F923000A48B64 /* Default.png */,
				93DEBC85169F923000A48B64 /* Default@2x.png */,
				93DEBC87169F923000A48B64 /* Default-568h@2x.png */,
			);
			name = "Supporting Files";
			sourceTree = "<group>";
		};
/* End PBXGroup section */

/* Begin PBXNativeTarget section */
		93DEBC6C169F923000A48B64 /* MMACBlocks */ = {
			isa = PBXNativeTarget;
			buildConfigurationList = 93DEBC91169F923000A48B64 /* Build configuration list for PBXNativeTarget "MMACBlocks" */;
			buildPhases = (
				93DEBC69169F923000A48B64 /* Sources */,
				93DEBC6A169F923000A48B64 /* Frameworks */,
				93DEBC6B169F923000A48B64 /* Resources */,
			);
			buildRules = (
			);
			dependencies = (
			);
			name = MMACBlocks;
			productName = MMACBlocks;
			productReference = 93DEBC6D169F923000A48B64 /* MMACBlocks.app */;
			productType = "com.apple.product-type.application";
		};
/* End PBXNativeTarget section */

/* Begin PBXProject section */
		93DEBC64169F923000A48B64 /* Project object */ = {
			isa = PBXProject;
			attributes = {
				LastUpgradeCheck = 0450;
				ORGANIZATIONNAME = "Don Bora";
			};
			buildConfigurationList = 93DEBC67169F923000A48B64 /* Build configuration list for PBXProject "MMACBlocks" */;
			compatibilityVersion = "Xcode 3.2";
			developmentRegion = English;
			hasScannedForEncodings = 0;
			knownRegions = (
				en,
			);
			mainGroup = 93DEBC62169F923000A48B64;
			productRefGroup = 93DEBC6E169F923000A48B64 /* Products */;
			projectDirPath = "";
			projectRoot = "";
			targets = (
				93DEBC6C169F923000A48B64 /* MMACBlocks */,
			);
		};
/* End PBXProject section */

/* Begin PBXResourcesBuildPhase section */
		93DEBC6B169F923000A48B64 /* Resources */ = {
			isa = PBXResourcesBuildPhase;
			buildActionMask = 2147483647;
			files = (
				93DEBC7C169F923000A48B64 /* InfoPlist.strings in Resources */,
				93DEBC84169F923000A48B64 /* Default.png in Resources */,
				93DEBC86169F923000A48B64 /* Default@2x.png in Resources */,
				93DEBC88169F923000A48B64 /* Default-568h@2x.png in Resources */,
				93DEBC8E169F923000A48B64 /* ViewController.xib in Resources */,
			);
			runOnlyForDeploymentPostprocessing = 0;
		};
/* End PBXResourcesBuildPhase section */

/* Begin PBXSourcesBuildPhase section */
		93DEBC69169F923000A48B64 /* Sources */ = {
			isa = PBXSourcesBuildPhase;
			buildActionMask = 2147483647;
			files = (
				93DEBC7E169F923000A48B64 /* main.m in Sources */,
				93DEBC82169F923000A48B64 /* AppDelegate.m in Sources */,
				93DEBC8B169F923000A48B64 /* ViewController.m in Sources */,
			);
			runOnlyForDeploymentPostprocessing = 0;
		};
/* End PBXSourcesBuildPhase section */

/* Begin PBXVariantGroup section */
		93DEBC7A169F923000A48B64 /* InfoPlist.strings */ = {
			isa = PBXVariantGroup;
			children = (
				93DEBC7B169F923000A48B64 /* en */,
			);
			name = InfoPlist.strings;
			sourceTree = "<group>";
		};
		93DEBC8C169F923000A48B64 /* ViewController.xib */ = {
			isa = PBXVariantGroup;
			children = (
				93DEBC8D169F923000A48B64 /* en */,
			);
			name = ViewController.xib;
			sourceTree = "<group>";
		};
/* End PBXVariantGroup section */

/* Begin XCBuildConfiguration section */
		93DEBC8F169F923000A48B64 /* Debug */ = {
			isa = XCBuildConfiguration;
			buildSettings = {
				ALWAYS_SEARCH_USER_PATHS = NO;
				CLANG_CXX_LANGUAGE_STANDARD = "gnu++0x";
				CLANG_CXX_LIBRARY = "libc++";
				CLANG_WARN_EMPTY_BODY = YES;
				CLANG_WARN__DUPLICATE_METHOD_MATCH = YES;
				"CODE_SIGN_IDENTITY[sdk=iphoneos*]" = "iPhone Developer";
				COPY_PHASE_STRIP = NO;
				GCC_C_LANGUAGE_STANDARD = gnu99;
				GCC_DYNAMIC_NO_PIC = NO;
				GCC_OPTIMIZATION_LEVEL = 0;
				GCC_PREPROCESSOR_DEFINITIONS = (
					"DEBUG=1",
					"$(inherited)",
				);
				GCC_SYMBOLS_PRIVATE_EXTERN = NO;
				GCC_WARN_ABOUT_RETURN_TYPE = YES;
				GCC_WARN_UNINITIALIZED_AUTOS = YES;
				GCC_WARN_UNUSED_VARIABLE = YES;
				IPHONEOS_DEPLOYMENT_TARGET = 6.0;
				ONLY_ACTIVE_ARCH = YES;
				SDKROOT = iphoneos;
			};
			name = Debug;
		};
		93DEBC90169F923000A48B64 /* Release */ = {
			isa = XCBuildConfiguration;
			buildSettings = {
				ALWAYS_SEARCH_USER_PATHS = NO;
				CLANG_CXX_LANGUAGE_STANDARD = "gnu++0x";
				CLANG_CXX_LIBRARY = "libc++";
				CLANG_WARN_EMPTY_BODY = YES;
				CLANG_WARN__DUPLICATE_METHOD_MATCH = YES;
				"CODE_SIGN_IDENTITY[sdk=iphoneos*]" = "iPhone Developer";
				COPY_PHASE_STRIP = YES;
				GCC_C_LANGUAGE_STANDARD = gnu99;
				GCC_WARN_ABOUT_RETURN_TYPE = YES;
				GCC_WARN_UNINITIALIZED_AUTOS = YES;
				GCC_WARN_UNUSED_VARIABLE = YES;
				IPHONEOS_DEPLOYMENT_TARGET = 6.0;
				OTHER_CFLAGS = "-DNS_BLOCK_ASSERTIONS=1";
				SDKROOT = iphoneos;
				VALIDATE_PRODUCT = YES;
			};
			name = Release;
		};
		93DEBC92169F923000A48B64 /* Debug */ = {
			isa = XCBuildConfiguration;
			buildSettings = {
				GCC_PRECOMPILE_PREFIX_HEADER = YES;
				GCC_PREFIX_HEADER = "MMACBlocks/MMACBlocks-Prefix.pch";
				INFOPLIST_FILE = "MMACBlocks/MMACBlocks-Info.plist";
				PRODUCT_NAME = "$(TARGET_NAME)";
				WRAPPER_EXTENSION = app;
			};
			name = Debug;
		};
		93DEBC93169F923000A48B64 /* Release */ = {
			isa = XCBuildConfiguration;
			buildSettings = {
				GCC_PRECOMPILE_PREFIX_HEADER = YES;
				GCC_PREFIX_HEADER = "MMACBlocks/MMACBlocks-Prefix.pch";
				INFOPLIST_FILE = "MMACBlocks/MMACBlocks-Info.plist";
				PRODUCT_NAME = "$(TARGET_NAME)";
				WRAPPER_EXTENSION = app;
			};
			name = Release;
		};
/* End XCBuildConfiguration section */

/* Begin XCConfigurationList section */
		93DEBC67169F923000A48B64 /* Build configuration list for PBXProject "MMACBlocks" */ = {
			isa = XCConfigurationList;
			buildConfigurations = (
				93DEBC8F169F923000A48B64 /* Debug */,
				93DEBC90169F923000A48B64 /* Release */,
			);
			defaultConfigurationIsVisible = 0;
			defaultConfigurationName = Release;
		};
		93DEBC91169F923000A48B64 /* Build configuration list for PBXNativeTarget "MMACBlocks" */ = {
			isa = XCConfigurationList;
			buildConfigurations = (
				93DEBC92169F923000A48B64 /* Debug */,
				93DEBC93169F923000A48B64 /* Release */,
			);
			defaultConfigurationIsVisible = 0;
		};
/* End XCConfigurationList section */
	};
	rootObject = 93DEBC64169F923000A48B64 /* Project object */;
}
