// !$*UTF8*$!
{
	archiveVersion = 1;
	classes = {
	};
	objectVersion = 46;
	objects = {

/* Begin PBXBuildFile section */
		9310492316AAEC0C00AC3C89 /* UIKit.framework in Frameworks */ = {isa = PBXBuildFile; fileRef = 9310492216AAEC0C00AC3C89 /* UIKit.framework */; };
		9310492516AAEC0C00AC3C89 /* Foundation.framework in Frameworks */ = {isa = PBXBuildFile; fileRef = 9310492416AAEC0C00AC3C89 /* Foundation.framework */; };
		9310492716AAEC0C00AC3C89 /* CoreGraphics.framework in Frameworks */ = {isa = PBXBuildFile; fileRef = 9310492616AAEC0C00AC3C89 /* CoreGraphics.framework */; };
		9310492D16AAEC0C00AC3C89 /* InfoPlist.strings in Resources */ = {isa = PBXBuildFile; fileRef = 9310492B16AAEC0C00AC3C89 /* InfoPlist.strings */; };
		9310492F16AAEC0C00AC3C89 /* main.m in Sources */ = {isa = PBXBuildFile; fileRef = 9310492E16AAEC0C00AC3C89 /* main.m */; };
		9310493316AAEC0C00AC3C89 /* AppDelegate.m in Sources */ = {isa = PBXBuildFile; fileRef = 9310493216AAEC0C00AC3C89 /* AppDelegate.m */; };
		9310493516AAEC0C00AC3C89 /* Default.png in Resources */ = {isa = PBXBuildFile; fileRef = 9310493416AAEC0C00AC3C89 /* Default.png */; };
		9310493716AAEC0C00AC3C89 /* Default@2x.png in Resources */ = {isa = PBXBuildFile; fileRef = 9310493616AAEC0C00AC3C89 /* Default@2x.png */; };
		9310493916AAEC0C00AC3C89 /* Default-568h@2x.png in Resources */ = {isa = PBXBuildFile; fileRef = 9310493816AAEC0C00AC3C89 /* Default-568h@2x.png */; };
		9310493C16AAEC0C00AC3C89 /* ViewController.m in Sources */ = {isa = PBXBuildFile; fileRef = 9310493B16AAEC0C00AC3C89 /* ViewController.m */; };
		9310493F16AAEC0C00AC3C89 /* ViewController.xib in Resources */ = {isa = PBXBuildFile; fileRef = 9310493D16AAEC0C00AC3C89 /* ViewController.xib */; };
		9310494C16AAEC6000AC3C89 /* SecondViewController.m in Sources */ = {isa = PBXBuildFile; fileRef = 9310494A16AAEC6000AC3C89 /* SecondViewController.m */; };
		9310494D16AAEC6000AC3C89 /* SecondViewController.xib in Resources */ = {isa = PBXBuildFile; fileRef = 9310494B16AAEC6000AC3C89 /* SecondViewController.xib */; };
/* End PBXBuildFile section */

/* Begin PBXFileReference section */
		9310491E16AAEC0C00AC3C89 /* MMNavController.app */ = {isa = PBXFileReference; explicitFileType = wrapper.application; includeInIndex = 0; path = MMNavController.app; sourceTree = BUILT_PRODUCTS_DIR; };
		9310492216AAEC0C00AC3C89 /* UIKit.framework */ = {isa = PBXFileReference; lastKnownFileType = wrapper.framework; name = UIKit.framework; path = System/Library/Frameworks/UIKit.framework; sourceTree = SDKROOT; };
		9310492416AAEC0C00AC3C89 /* Foundation.framework */ = {isa = PBXFileReference; lastKnownFileType = wrapper.framework; name = Foundation.framework; path = System/Library/Frameworks/Foundation.framework; sourceTree = SDKROOT; };
		9310492616AAEC0C00AC3C89 /* CoreGraphics.framework */ = {isa = PBXFileReference; lastKnownFileType = wrapper.framework; name = CoreGraphics.framework; path = System/Library/Frameworks/CoreGraphics.framework; sourceTree = SDKROOT; };
		9310492A16AAEC0C00AC3C89 /* MMNavController-Info.plist */ = {isa = PBXFileReference; lastKnownFileType = text.plist.xml; path = "MMNavController-Info.plist"; sourceTree = "<group>"; };
		9310492C16AAEC0C00AC3C89 /* en */ = {isa = PBXFileReference; lastKnownFileType = text.plist.strings; name = en; path = en.lproj/InfoPlist.strings; sourceTree = "<group>"; };
		9310492E16AAEC0C00AC3C89 /* main.m */ = {isa = PBXFileReference; lastKnownFileType = sourcecode.c.objc; path = main.m; sourceTree = "<group>"; };
		9310493016AAEC0C00AC3C89 /* MMNavController-Prefix.pch */ = {isa = PBXFileReference; lastKnownFileType = sourcecode.c.h; path = "MMNavController-Prefix.pch"; sourceTree = "<group>"; };
		9310493116AAEC0C00AC3C89 /* AppDelegate.h */ = {isa = PBXFileReference; lastKnownFileType = sourcecode.c.h; path = AppDelegate.h; sourceTree = "<group>"; };
		9310493216AAEC0C00AC3C89 /* AppDelegate.m */ = {isa = PBXFileReference; lastKnownFileType = sourcecode.c.objc; path = AppDelegate.m; sourceTree = "<group>"; };
		9310493416AAEC0C00AC3C89 /* Default.png */ = {isa = PBXFileReference; lastKnownFileType = image.png; path = Default.png; sourceTree = "<group>"; };
		9310493616AAEC0C00AC3C89 /* Default@2x.png */ = {isa = PBXFileReference; lastKnownFileType = image.png; path = "Default@2x.png"; sourceTree = "<group>"; };
		9310493816AAEC0C00AC3C89 /* Default-568h@2x.png */ = {isa = PBXFileReference; lastKnownFileType = image.png; path = "Default-568h@2x.png"; sourceTree = "<group>"; };
		9310493A16AAEC0C00AC3C89 /* ViewController.h */ = {isa = PBXFileReference; lastKnownFileType = sourcecode.c.h; path = ViewController.h; sourceTree = "<group>"; };
		9310493B16AAEC0C00AC3C89 /* ViewController.m */ = {isa = PBXFileReference; lastKnownFileType = sourcecode.c.objc; path = ViewController.m; sourceTree = "<group>"; };
		9310493E16AAEC0C00AC3C89 /* en */ = {isa = PBXFileReference; lastKnownFileType = file.xib; name = en; path = en.lproj/ViewController.xib; sourceTree = "<group>"; };
		9310494916AAEC6000AC3C89 /* SecondViewController.h */ = {isa = PBXFileReference; fileEncoding = 4; lastKnownFileType = sourcecode.c.h; path = SecondViewController.h; sourceTree = "<group>"; };
		9310494A16AAEC6000AC3C89 /* SecondViewController.m */ = {isa = PBXFileReference; fileEncoding = 4; lastKnownFileType = sourcecode.c.objc; path = SecondViewController.m; sourceTree = "<group>"; };
		9310494B16AAEC6000AC3C89 /* SecondViewController.xib */ = {isa = PBXFileReference; fileEncoding = 4; lastKnownFileType = file.xib; path = SecondViewController.xib; sourceTree = "<group>"; };
/* End PBXFileReference section */

/* Begin PBXFrameworksBuildPhase section */
		9310491B16AAEC0C00AC3C89 /* Frameworks */ = {
			isa = PBXFrameworksBuildPhase;
			buildActionMask = 2147483647;
			files = (
				9310492316AAEC0C00AC3C89 /* UIKit.framework in Frameworks */,
				9310492516AAEC0C00AC3C89 /* Foundation.framework in Frameworks */,
				9310492716AAEC0C00AC3C89 /* CoreGraphics.framework in Frameworks */,
			);
			runOnlyForDeploymentPostprocessing = 0;
		};
/* End PBXFrameworksBuildPhase section */

/* Begin PBXGroup section */
		9310491316AAEC0C00AC3C89 = {
			isa = PBXGroup;
			children = (
				9310492816AAEC0C00AC3C89 /* MMNavController */,
				9310492116AAEC0C00AC3C89 /* Frameworks */,
				9310491F16AAEC0C00AC3C89 /* Products */,
			);
			sourceTree = "<group>";
		};
		9310491F16AAEC0C00AC3C89 /* Products */ = {
			isa = PBXGroup;
			children = (
				9310491E16AAEC0C00AC3C89 /* MMNavController.app */,
			);
			name = Products;
			sourceTree = "<group>";
		};
		9310492116AAEC0C00AC3C89 /* Frameworks */ = {
			isa = PBXGroup;
			children = (
				9310492216AAEC0C00AC3C89 /* UIKit.framework */,
				9310492416AAEC0C00AC3C89 /* Foundation.framework */,
				9310492616AAEC0C00AC3C89 /* CoreGraphics.framework */,
			);
			name = Frameworks;
			sourceTree = "<group>";
		};
		9310492816AAEC0C00AC3C89 /* MMNavController */ = {
			isa = PBXGroup;
			children = (
				9310493116AAEC0C00AC3C89 /* AppDelegate.h */,
				9310493216AAEC0C00AC3C89 /* AppDelegate.m */,
				9310493A16AAEC0C00AC3C89 /* ViewController.h */,
				9310493B16AAEC0C00AC3C89 /* ViewController.m */,
				9310493D16AAEC0C00AC3C89 /* ViewController.xib */,
				9310494916AAEC6000AC3C89 /* SecondViewController.h */,
				9310494A16AAEC6000AC3C89 /* SecondViewController.m */,
				9310494B16AAEC6000AC3C89 /* SecondViewController.xib */,
				9310492916AAEC0C00AC3C89 /* Supporting Files */,
			);
			path = MMNavController;
			sourceTree = "<group>";
		};
		9310492916AAEC0C00AC3C89 /* Supporting Files */ = {
			isa = PBXGroup;
			children = (
				9310492A16AAEC0C00AC3C89 /* MMNavController-Info.plist */,
				9310492B16AAEC0C00AC3C89 /* InfoPlist.strings */,
				9310492E16AAEC0C00AC3C89 /* main.m */,
				9310493016AAEC0C00AC3C89 /* MMNavController-Prefix.pch */,
				9310493416AAEC0C00AC3C89 /* Default.png */,
				9310493616AAEC0C00AC3C89 /* Default@2x.png */,
				9310493816AAEC0C00AC3C89 /* Default-568h@2x.png */,
			);
			name = "Supporting Files";
			sourceTree = "<group>";
		};
/* End PBXGroup section */

/* Begin PBXNativeTarget section */
		9310491D16AAEC0C00AC3C89 /* MMNavController */ = {
			isa = PBXNativeTarget;
			buildConfigurationList = 9310494216AAEC0C00AC3C89 /* Build configuration list for PBXNativeTarget "MMNavController" */;
			buildPhases = (
				9310491A16AAEC0C00AC3C89 /* Sources */,
				9310491B16AAEC0C00AC3C89 /* Frameworks */,
				9310491C16AAEC0C00AC3C89 /* Resources */,
			);
			buildRules = (
			);
			dependencies = (
			);
			name = MMNavController;
			productName = MMNavController;
			productReference = 9310491E16AAEC0C00AC3C89 /* MMNavController.app */;
			productType = "com.apple.product-type.application";
		};
/* End PBXNativeTarget section */

/* Begin PBXProject section */
		9310491516AAEC0C00AC3C89 /* Project object */ = {
			isa = PBXProject;
			attributes = {
				LastUpgradeCheck = 0450;
				ORGANIZATIONNAME = "Don Bora";
			};
			buildConfigurationList = 9310491816AAEC0C00AC3C89 /* Build configuration list for PBXProject "MMNavController" */;
			compatibilityVersion = "Xcode 3.2";
			developmentRegion = English;
			hasScannedForEncodings = 0;
			knownRegions = (
				en,
			);
			mainGroup = 9310491316AAEC0C00AC3C89;
			productRefGroup = 9310491F16AAEC0C00AC3C89 /* Products */;
			projectDirPath = "";
			projectRoot = "";
			targets = (
				9310491D16AAEC0C00AC3C89 /* MMNavController */,
			);
		};
/* End PBXProject section */

/* Begin PBXResourcesBuildPhase section */
		9310491C16AAEC0C00AC3C89 /* Resources */ = {
			isa = PBXResourcesBuildPhase;
			buildActionMask = 2147483647;
			files = (
				9310492D16AAEC0C00AC3C89 /* InfoPlist.strings in Resources */,
				9310493516AAEC0C00AC3C89 /* Default.png in Resources */,
				9310493716AAEC0C00AC3C89 /* Default@2x.png in Resources */,
				9310493916AAEC0C00AC3C89 /* Default-568h@2x.png in Resources */,
				9310493F16AAEC0C00AC3C89 /* ViewController.xib in Resources */,
				9310494D16AAEC6000AC3C89 /* SecondViewController.xib in Resources */,
			);
			runOnlyForDeploymentPostprocessing = 0;
		};
/* End PBXResourcesBuildPhase section */

/* Begin PBXSourcesBuildPhase section */
		9310491A16AAEC0C00AC3C89 /* Sources */ = {
			isa = PBXSourcesBuildPhase;
			buildActionMask = 2147483647;
			files = (
				9310492F16AAEC0C00AC3C89 /* main.m in Sources */,
				9310493316AAEC0C00AC3C89 /* AppDelegate.m in Sources */,
				9310493C16AAEC0C00AC3C89 /* ViewController.m in Sources */,
				9310494C16AAEC6000AC3C89 /* SecondViewController.m in Sources */,
			);
			runOnlyForDeploymentPostprocessing = 0;
		};
/* End PBXSourcesBuildPhase section */

/* Begin PBXVariantGroup section */
		9310492B16AAEC0C00AC3C89 /* InfoPlist.strings */ = {
			isa = PBXVariantGroup;
			children = (
				9310492C16AAEC0C00AC3C89 /* en */,
			);
			name = InfoPlist.strings;
			sourceTree = "<group>";
		};
		9310493D16AAEC0C00AC3C89 /* ViewController.xib */ = {
			isa = PBXVariantGroup;
			children = (
				9310493E16AAEC0C00AC3C89 /* en */,
			);
			name = ViewController.xib;
			sourceTree = "<group>";
		};
/* End PBXVariantGroup section */

/* Begin XCBuildConfiguration section */
		9310494016AAEC0C00AC3C89 /* Debug */ = {
			isa = XCBuildConfiguration;
			buildSettings = {
				ALWAYS_SEARCH_USER_PATHS = NO;
				CLANG_CXX_LANGUAGE_STANDARD = "gnu++0x";
				CLANG_CXX_LIBRARY = "libc++";
				CLANG_WARN_EMPTY_BODY = YES;
				CLANG_WARN__DUPLICATE_METHOD_MATCH = YES;
				"CODE_SIGN_IDENTITY[sdk=iphoneos*]" = "iPhone Developer";
				COPY_PHASE_STRIP = NO;
				GCC_C_LANGUAGE_STANDARD = gnu99;
				GCC_DYNAMIC_NO_PIC = NO;
				GCC_OPTIMIZATION_LEVEL = 0;
				GCC_PREPROCESSOR_DEFINITIONS = (
					"DEBUG=1",
					"$(inherited)",
				);
				GCC_SYMBOLS_PRIVATE_EXTERN = NO;
				GCC_WARN_ABOUT_RETURN_TYPE = YES;
				GCC_WARN_UNINITIALIZED_AUTOS = YES;
				GCC_WARN_UNUSED_VARIABLE = YES;
				IPHONEOS_DEPLOYMENT_TARGET = 6.0;
				ONLY_ACTIVE_ARCH = YES;
				SDKROOT = iphoneos;
			};
			name = Debug;
		};
		9310494116AAEC0C00AC3C89 /* Release */ = {
			isa = XCBuildConfiguration;
			buildSettings = {
				ALWAYS_SEARCH_USER_PATHS = NO;
				CLANG_CXX_LANGUAGE_STANDARD = "gnu++0x";
				CLANG_CXX_LIBRARY = "libc++";
				CLANG_WARN_EMPTY_BODY = YES;
				CLANG_WARN__DUPLICATE_METHOD_MATCH = YES;
				"CODE_SIGN_IDENTITY[sdk=iphoneos*]" = "iPhone Developer";
				COPY_PHASE_STRIP = YES;
				GCC_C_LANGUAGE_STANDARD = gnu99;
				GCC_WARN_ABOUT_RETURN_TYPE = YES;
				GCC_WARN_UNINITIALIZED_AUTOS = YES;
				GCC_WARN_UNUSED_VARIABLE = YES;
				IPHONEOS_DEPLOYMENT_TARGET = 6.0;
				OTHER_CFLAGS = "-DNS_BLOCK_ASSERTIONS=1";
				SDKROOT = iphoneos;
				VALIDATE_PRODUCT = YES;
			};
			name = Release;
		};
		9310494316AAEC0C00AC3C89 /* Debug */ = {
			isa = XCBuildConfiguration;
			buildSettings = {
				GCC_PRECOMPILE_PREFIX_HEADER = YES;
				GCC_PREFIX_HEADER = "MMNavController/MMNavController-Prefix.pch";
				INFOPLIST_FILE = "MMNavController/MMNavController-Info.plist";
				PRODUCT_NAME = "$(TARGET_NAME)";
				WRAPPER_EXTENSION = app;
			};
			name = Debug;
		};
		9310494416AAEC0C00AC3C89 /* Release */ = {
			isa = XCBuildConfiguration;
			buildSettings = {
				GCC_PRECOMPILE_PREFIX_HEADER = YES;
				GCC_PREFIX_HEADER = "MMNavController/MMNavController-Prefix.pch";
				INFOPLIST_FILE = "MMNavController/MMNavController-Info.plist";
				PRODUCT_NAME = "$(TARGET_NAME)";
				WRAPPER_EXTENSION = app;
			};
			name = Release;
		};
/* End XCBuildConfiguration section */

/* Begin XCConfigurationList section */
		9310491816AAEC0C00AC3C89 /* Build configuration list for PBXProject "MMNavController" */ = {
			isa = XCConfigurationList;
			buildConfigurations = (
				9310494016AAEC0C00AC3C89 /* Debug */,
				9310494116AAEC0C00AC3C89 /* Release */,
			);
			defaultConfigurationIsVisible = 0;
			defaultConfigurationName = Release;
		};
		9310494216AAEC0C00AC3C89 /* Build configuration list for PBXNativeTarget "MMNavController" */ = {
			isa = XCConfigurationList;
			buildConfigurations = (
				9310494316AAEC0C00AC3C89 /* Debug */,
				9310494416AAEC0C00AC3C89 /* Release */,
			);
			defaultConfigurationIsVisible = 0;
			defaultConfigurationName = Release;
		};
/* End XCConfigurationList section */
	};
	rootObject = 9310491516AAEC0C00AC3C89 /* Project object */;
}
